{
  "name": "@quasar/quasar-app-extension-phone-input",
  "version": "0.0.1",
  "lockfileVersion": 1,
  "requires": true,
  "dependencies": {
    "@quasar/extras": {
      "version": "1.15.10",
      "resolved": "https://registry.npmjs.org/@quasar/extras/-/extras-1.15.10.tgz",
      "integrity": "sha512-6w8e+wPNfcWhzW43tlnJPHOrcNwAgaaNJ3zBz8k+BMqpenA3fHZhFhxCYEVRZVqPFE2IK/8nRiPBp4t9xlW5tA==",
      "dev": true
    },
    "@types/google-libphonenumber": {
      "version": "7.4.23",
      "resolved": "https://registry.npmjs.org/@types/google-libphonenumber/-/google-libphonenumber-7.4.23.tgz",
      "integrity": "sha512-C3ydakLTQa8HxtYf9ge4q6uT9krDX8smSIxmmW3oACFi5g5vv6T068PRExF7UyWbWpuYiDG8Nm24q2X5XhcZWw==",
      "dev": true
    },
    "@types/node": {
      "version": "18.11.18",
      "resolved": "https://registry.npmjs.org/@types/node/-/node-18.11.18.tgz",
      "integrity": "sha512-DHQpWGjyQKSHj3ebjFI/wRKcqQcdR+MoFBygntYOZytCqNfkd2ZC4ARDJ2DQqhjH5p85Nnd3jhUJIXrszFX/JA==",
      "dev": true
    },
    "@vitejs/plugin-vue": {
      "version": "4.0.0",
      "resolved": "https://registry.npmjs.org/@vitejs/plugin-vue/-/plugin-vue-4.0.0.tgz",
      "integrity": "sha512-e0X4jErIxAB5oLtDqbHvHpJe/uWNkdpYV83AOG2xo2tEVSzCzewgJMtREZM30wXnM5ls90hxiOtAuVU6H5JgbA==",
      "dev": true
    },
    "@vue/tsconfig": {
      "version": "0.1.3",
      "resolved": "https://registry.npmjs.org/@vue/tsconfig/-/tsconfig-0.1.3.tgz",
      "integrity": "sha512-kQVsh8yyWPvHpb8gIc9l/HIDiiVUy1amynLNpCy8p+FoCiZXCo6fQos5/097MmnNZc9AtseDsCrfkhqCrJ8Olg==",
      "dev": true
    },
    "google-libphonenumber": {
      "version": "3.2.31",
      "resolved": "https://registry.npmjs.org/google-libphonenumber/-/google-libphonenumber-3.2.31.tgz",
      "integrity": "sha512-l3bzAkfN4ITICKvuqEiY7JN06RxDAviOoKMtD2KfGYjGK3btPO8Xav7k0fgmf1Ud/pEm523yBh1/s/xDtKEvnw=="
    }
  }
}
